// !$*UTF8*$!
{
	archiveVersion = 1;
	classes = {
	};
	objectVersion = 56;
	objects = {

/* Begin PBXBuildFile section */
		641E7444F17D0F7B186ED2EF /* Pods_ViFi.framework in Frameworks */ = {isa = PBXBuildFile; fileRef = D3AC36D7F1519DE4BCDC2DFD /* Pods_ViFi.framework */; };
		93262F5D2974272500C0347C /* AppDelegate.swift in Sources */ = {isa = PBXBuildFile; fileRef = 93262F5C2974272500C0347C /* AppDelegate.swift */; };
		93262F5F2974272500C0347C /* SceneDelegate.swift in Sources */ = {isa = PBXBuildFile; fileRef = 93262F5E2974272500C0347C /* SceneDelegate.swift */; };
		93262F642974272500C0347C /* Main.storyboard in Resources */ = {isa = PBXBuildFile; fileRef = 93262F622974272500C0347C /* Main.storyboard */; };
		93262F662974272600C0347C /* Assets.xcassets in Resources */ = {isa = PBXBuildFile; fileRef = 93262F652974272600C0347C /* Assets.xcassets */; };
		93262F692974272600C0347C /* LaunchScreen.storyboard in Resources */ = {isa = PBXBuildFile; fileRef = 93262F672974272600C0347C /* LaunchScreen.storyboard */; };
		93262F7429742B7F00C0347C /* UniversityViewController.swift in Sources */ = {isa = PBXBuildFile; fileRef = 93262F7329742B7F00C0347C /* UniversityViewController.swift */; };
		93262F7729742BA800C0347C /* UniversityTableViewCell.swift in Sources */ = {isa = PBXBuildFile; fileRef = 93262F7629742BA800C0347C /* UniversityTableViewCell.swift */; };
		93262F7A29742BF300C0347C /* FacultyTableViewCell.swift in Sources */ = {isa = PBXBuildFile; fileRef = 93262F7929742BF300C0347C /* FacultyTableViewCell.swift */; };
		93262F7C29742C0D00C0347C /* DepartmentTableViewCell.swift in Sources */ = {isa = PBXBuildFile; fileRef = 93262F7B29742C0D00C0347C /* DepartmentTableViewCell.swift */; };
		93262F7E29742C2600C0347C /* LessonTableViewCell.swift in Sources */ = {isa = PBXBuildFile; fileRef = 93262F7D29742C2600C0347C /* LessonTableViewCell.swift */; };
		93262F8029742C4200C0347C /* ExamTableViewCell.swift in Sources */ = {isa = PBXBuildFile; fileRef = 93262F7F29742C4200C0347C /* ExamTableViewCell.swift */; };
		93262F8229742C5B00C0347C /* JPGTableViewCell.swift in Sources */ = {isa = PBXBuildFile; fileRef = 93262F8129742C5B00C0347C /* JPGTableViewCell.swift */; };
		93262F8529742C8000C0347C /* FacultyViewController.swift in Sources */ = {isa = PBXBuildFile; fileRef = 93262F8429742C8000C0347C /* FacultyViewController.swift */; };
		93262F8729742CB500C0347C /* DepartmentViewController.swift in Sources */ = {isa = PBXBuildFile; fileRef = 93262F8629742CB500C0347C /* DepartmentViewController.swift */; };
		93262F8929742CC800C0347C /* LessonViewController.swift in Sources */ = {isa = PBXBuildFile; fileRef = 93262F8829742CC800C0347C /* LessonViewController.swift */; };
		93262F8B29742CDF00C0347C /* ExamViewController.swift in Sources */ = {isa = PBXBuildFile; fileRef = 93262F8A29742CDF00C0347C /* ExamViewController.swift */; };
		93262F9129742D1700C0347C /* PDFViewController.swift in Sources */ = {isa = PBXBuildFile; fileRef = 93262F9029742D1700C0347C /* PDFViewController.swift */; };
		93262F9329742D2A00C0347C /* JPGViewController.swift in Sources */ = {isa = PBXBuildFile; fileRef = 93262F9229742D2A00C0347C /* JPGViewController.swift */; };
		93262F9529742D3C00C0347C /* JPGZoomViewController.swift in Sources */ = {isa = PBXBuildFile; fileRef = 93262F9429742D3C00C0347C /* JPGZoomViewController.swift */; };
		93262F9729742D5800C0347C /* BaseTabbarVC.swift in Sources */ = {isa = PBXBuildFile; fileRef = 93262F9629742D5800C0347C /* BaseTabbarVC.swift */; };
		93262F9929742D6E00C0347C /* EFImageViewZoom.swift in Sources */ = {isa = PBXBuildFile; fileRef = 93262F9829742D6E00C0347C /* EFImageViewZoom.swift */; };
		93262F9F29742DE400C0347C /* GoogleService-Info.plist in Resources */ = {isa = PBXBuildFile; fileRef = 93262F9E29742DE400C0347C /* GoogleService-Info.plist */; };
/* End PBXBuildFile section */

/* Begin PBXFileReference section */
		93262F592974272500C0347C /* ViFi.app */ = {isa = PBXFileReference; explicitFileType = wrapper.application; includeInIndex = 0; path = ViFi.app; sourceTree = BUILT_PRODUCTS_DIR; };
		93262F5C2974272500C0347C /* AppDelegate.swift */ = {isa = PBXFileReference; lastKnownFileType = sourcecode.swift; path = AppDelegate.swift; sourceTree = "<group>"; };
		93262F5E2974272500C0347C /* SceneDelegate.swift */ = {isa = PBXFileReference; lastKnownFileType = sourcecode.swift; path = SceneDelegate.swift; sourceTree = "<group>"; };
		93262F632974272500C0347C /* Base */ = {isa = PBXFileReference; lastKnownFileType = file.storyboard; name = Base; path = Base.lproj/Main.storyboard; sourceTree = "<group>"; };
		93262F652974272600C0347C /* Assets.xcassets */ = {isa = PBXFileReference; lastKnownFileType = folder.assetcatalog; path = Assets.xcassets; sourceTree = "<group>"; };
		93262F682974272600C0347C /* Base */ = {isa = PBXFileReference; lastKnownFileType = file.storyboard; name = Base; path = Base.lproj/LaunchScreen.storyboard; sourceTree = "<group>"; };
		93262F6A2974272600C0347C /* Info.plist */ = {isa = PBXFileReference; lastKnownFileType = text.plist.xml; path = Info.plist; sourceTree = "<group>"; };
		93262F7329742B7F00C0347C /* UniversityViewController.swift */ = {isa = PBXFileReference; lastKnownFileType = sourcecode.swift; path = UniversityViewController.swift; sourceTree = "<group>"; };
		93262F7629742BA800C0347C /* UniversityTableViewCell.swift */ = {isa = PBXFileReference; lastKnownFileType = sourcecode.swift; path = UniversityTableViewCell.swift; sourceTree = "<group>"; };
		93262F7929742BF300C0347C /* FacultyTableViewCell.swift */ = {isa = PBXFileReference; lastKnownFileType = sourcecode.swift; path = FacultyTableViewCell.swift; sourceTree = "<group>"; };
		93262F7B29742C0D00C0347C /* DepartmentTableViewCell.swift */ = {isa = PBXFileReference; lastKnownFileType = sourcecode.swift; path = DepartmentTableViewCell.swift; sourceTree = "<group>"; };
		93262F7D29742C2600C0347C /* LessonTableViewCell.swift */ = {isa = PBXFileReference; lastKnownFileType = sourcecode.swift; path = LessonTableViewCell.swift; sourceTree = "<group>"; };
		93262F7F29742C4200C0347C /* ExamTableViewCell.swift */ = {isa = PBXFileReference; lastKnownFileType = sourcecode.swift; path = ExamTableViewCell.swift; sourceTree = "<group>"; };
		93262F8129742C5B00C0347C /* JPGTableViewCell.swift */ = {isa = PBXFileReference; lastKnownFileType = sourcecode.swift; path = JPGTableViewCell.swift; sourceTree = "<group>"; };
		93262F8429742C8000C0347C /* FacultyViewController.swift */ = {isa = PBXFileReference; lastKnownFileType = sourcecode.swift; path = FacultyViewController.swift; sourceTree = "<group>"; };
		93262F8629742CB500C0347C /* DepartmentViewController.swift */ = {isa = PBXFileReference; lastKnownFileType = sourcecode.swift; path = DepartmentViewController.swift; sourceTree = "<group>"; };
		93262F8829742CC800C0347C /* LessonViewController.swift */ = {isa = PBXFileReference; lastKnownFileType = sourcecode.swift; path = LessonViewController.swift; sourceTree = "<group>"; };
		93262F8A29742CDF00C0347C /* ExamViewController.swift */ = {isa = PBXFileReference; lastKnownFileType = sourcecode.swift; path = ExamViewController.swift; sourceTree = "<group>"; };
		93262F9029742D1700C0347C /* PDFViewController.swift */ = {isa = PBXFileReference; lastKnownFileType = sourcecode.swift; path = PDFViewController.swift; sourceTree = "<group>"; };
		93262F9229742D2A00C0347C /* JPGViewController.swift */ = {isa = PBXFileReference; lastKnownFileType = sourcecode.swift; path = JPGViewController.swift; sourceTree = "<group>"; };
		93262F9429742D3C00C0347C /* JPGZoomViewController.swift */ = {isa = PBXFileReference; lastKnownFileType = sourcecode.swift; path = JPGZoomViewController.swift; sourceTree = "<group>"; };
		93262F9629742D5800C0347C /* BaseTabbarVC.swift */ = {isa = PBXFileReference; lastKnownFileType = sourcecode.swift; path = BaseTabbarVC.swift; sourceTree = "<group>"; };
		93262F9829742D6E00C0347C /* EFImageViewZoom.swift */ = {isa = PBXFileReference; lastKnownFileType = sourcecode.swift; path = EFImageViewZoom.swift; sourceTree = "<group>"; };
		93262F9E29742DE400C0347C /* GoogleService-Info.plist */ = {isa = PBXFileReference; fileEncoding = 4; lastKnownFileType = text.plist.xml; path = "GoogleService-Info.plist"; sourceTree = "<group>"; };
		95B4C669120264AB067D023B /* Pods-ViFi.debug.xcconfig */ = {isa = PBXFileReference; includeInIndex = 1; lastKnownFileType = text.xcconfig; name = "Pods-ViFi.debug.xcconfig"; path = "Target Support Files/Pods-ViFi/Pods-ViFi.debug.xcconfig"; sourceTree = "<group>"; };
		D3AC36D7F1519DE4BCDC2DFD /* Pods_ViFi.framework */ = {isa = PBXFileReference; explicitFileType = wrapper.framework; includeInIndex = 0; path = Pods_ViFi.framework; sourceTree = BUILT_PRODUCTS_DIR; };
		E22A313FDBD7985987F162D6 /* Pods-ViFi.release.xcconfig */ = {isa = PBXFileReference; includeInIndex = 1; lastKnownFileType = text.xcconfig; name = "Pods-ViFi.release.xcconfig"; path = "Target Support Files/Pods-ViFi/Pods-ViFi.release.xcconfig"; sourceTree = "<group>"; };
/* End PBXFileReference section */

/* Begin PBXFrameworksBuildPhase section */
		93262F562974272500C0347C /* Frameworks */ = {
			isa = PBXFrameworksBuildPhase;
			buildActionMask = 2147483647;
			files = (
				641E7444F17D0F7B186ED2EF /* Pods_ViFi.framework in Frameworks */,
			);
			runOnlyForDeploymentPostprocessing = 0;
		};
/* End PBXFrameworksBuildPhase section */

/* Begin PBXGroup section */
		8F49537907DE6438E5D9A94C /* Frameworks */ = {
			isa = PBXGroup;
			children = (
				D3AC36D7F1519DE4BCDC2DFD /* Pods_ViFi.framework */,
			);
			name = Frameworks;
			sourceTree = "<group>";
		};
		907B17965F465A3BD95FE1F1 /* Pods */ = {
			isa = PBXGroup;
			children = (
				95B4C669120264AB067D023B /* Pods-ViFi.debug.xcconfig */,
				E22A313FDBD7985987F162D6 /* Pods-ViFi.release.xcconfig */,
			);
			path = Pods;
			sourceTree = "<group>";
		};
		93262F502974272500C0347C = {
			isa = PBXGroup;
			children = (
				93262F5B2974272500C0347C /* ViFi */,
				93262F5A2974272500C0347C /* Products */,
				907B17965F465A3BD95FE1F1 /* Pods */,
				8F49537907DE6438E5D9A94C /* Frameworks */,
			);
			sourceTree = "<group>";
		};
		93262F5A2974272500C0347C /* Products */ = {
			isa = PBXGroup;
			children = (
				93262F592974272500C0347C /* ViFi.app */,
			);
			name = Products;
			sourceTree = "<group>";
		};
		93262F5B2974272500C0347C /* ViFi */ = {
			isa = PBXGroup;
			children = (
				93262FA229742FF100C0347C /* Home */,
				93262FA029742F8600C0347C /* Application */,
				93262F9C29742DAB00C0347C /* Business */,
				93262F7029742B4700C0347C /* Screens */,
				93262F652974272600C0347C /* Assets.xcassets */,
				93262F672974272600C0347C /* LaunchScreen.storyboard */,
				93262F6A2974272600C0347C /* Info.plist */,
			);
			path = ViFi;
			sourceTree = "<group>";
		};
		93262F7029742B4700C0347C /* Screens */ = {
			isa = PBXGroup;
			children = (
				93262F8329742C7500C0347C /* ViewControllers */,
				93262F7829742BBA00C0347C /* TableViewCells */,
				93262F7129742B6700C0347C /* Universities */,
				93262F9629742D5800C0347C /* BaseTabbarVC.swift */,
				93262F9829742D6E00C0347C /* EFImageViewZoom.swift */,
			);
			path = Screens;
			sourceTree = "<group>";
		};
		93262F7129742B6700C0347C /* Universities */ = {
			isa = PBXGroup;
			children = (
				93262F7229742B7000C0347C /* ViewControllers */,
				93262F7529742B9900C0347C /* Views */,
			);
			path = Universities;
			sourceTree = "<group>";
		};
		93262F7229742B7000C0347C /* ViewControllers */ = {
			isa = PBXGroup;
			children = (
				93262F7329742B7F00C0347C /* UniversityViewController.swift */,
			);
			path = ViewControllers;
			sourceTree = "<group>";
		};
		93262F7529742B9900C0347C /* Views */ = {
			isa = PBXGroup;
			children = (
				93262F7629742BA800C0347C /* UniversityTableViewCell.swift */,
			);
			path = Views;
			sourceTree = "<group>";
		};
		93262F7829742BBA00C0347C /* TableViewCells */ = {
			isa = PBXGroup;
			children = (
				93262F7929742BF300C0347C /* FacultyTableViewCell.swift */,
				93262F7B29742C0D00C0347C /* DepartmentTableViewCell.swift */,
				93262F7D29742C2600C0347C /* LessonTableViewCell.swift */,
				93262F7F29742C4200C0347C /* ExamTableViewCell.swift */,
				93262F8129742C5B00C0347C /* JPGTableViewCell.swift */,
			);
			path = TableViewCells;
			sourceTree = "<group>";
		};
		93262F8329742C7500C0347C /* ViewControllers */ = {
			isa = PBXGroup;
			children = (
				93262F8429742C8000C0347C /* FacultyViewController.swift */,
				93262F8629742CB500C0347C /* DepartmentViewController.swift */,
				93262F8829742CC800C0347C /* LessonViewController.swift */,
				93262F8A29742CDF00C0347C /* ExamViewController.swift */,
				93262F9029742D1700C0347C /* PDFViewController.swift */,
				93262F9229742D2A00C0347C /* JPGViewController.swift */,
				93262F9429742D3C00C0347C /* JPGZoomViewController.swift */,
			);
			path = ViewControllers;
			sourceTree = "<group>";
		};
		93262F9C29742DAB00C0347C /* Business */ = {
			isa = PBXGroup;
			children = (
				93262F9D29742DB400C0347C /* Services */,
			);
			path = Business;
			sourceTree = "<group>";
		};
		93262F9D29742DB400C0347C /* Services */ = {
			isa = PBXGroup;
			children = (
				93262F9E29742DE400C0347C /* GoogleService-Info.plist */,
			);
			path = Services;
			sourceTree = "<group>";
		};
		93262FA029742F8600C0347C /* Application */ = {
			isa = PBXGroup;
			children = (
				93262FA129742F9000C0347C /* Delegate */,
			);
			path = Application;
			sourceTree = "<group>";
		};
		93262FA129742F9000C0347C /* Delegate */ = {
			isa = PBXGroup;
			children = (
				93262F5C2974272500C0347C /* AppDelegate.swift */,
				93262F5E2974272500C0347C /* SceneDelegate.swift */,
			);
			path = Delegate;
			sourceTree = "<group>";
		};
		93262FA229742FF100C0347C /* Home */ = {
			isa = PBXGroup;
			children = (
				93262F622974272500C0347C /* Main.storyboard */,
			);
			path = Home;
			sourceTree = "<group>";
		};
/* End PBXGroup section */

/* Begin PBXNativeTarget section */
		93262F582974272500C0347C /* ViFi */ = {
			isa = PBXNativeTarget;
			buildConfigurationList = 93262F6D2974272600C0347C /* Build configuration list for PBXNativeTarget "ViFi" */;
			buildPhases = (
				772A7F8508ED4126A3EE498C /* [CP] Check Pods Manifest.lock */,
				93262F552974272500C0347C /* Sources */,
				93262F562974272500C0347C /* Frameworks */,
				93262F572974272500C0347C /* Resources */,
				60B19BD5F43537CE9C300990 /* [CP] Embed Pods Frameworks */,
			);
			buildRules = (
			);
			dependencies = (
			);
			name = ViFi;
			productName = ViFi;
			productReference = 93262F592974272500C0347C /* ViFi.app */;
			productType = "com.apple.product-type.application";
		};
/* End PBXNativeTarget section */

/* Begin PBXProject section */
		93262F512974272500C0347C /* Project object */ = {
			isa = PBXProject;
			attributes = {
				BuildIndependentTargetsInParallel = 1;
				LastSwiftUpdateCheck = 1400;
				LastUpgradeCheck = 1400;
				TargetAttributes = {
					93262F582974272500C0347C = {
						CreatedOnToolsVersion = 14.0.1;
					};
				};
			};
			buildConfigurationList = 93262F542974272500C0347C /* Build configuration list for PBXProject "ViFi" */;
			compatibilityVersion = "Xcode 14.0";
			developmentRegion = en;
			hasScannedForEncodings = 0;
			knownRegions = (
				en,
				Base,
			);
			mainGroup = 93262F502974272500C0347C;
			productRefGroup = 93262F5A2974272500C0347C /* Products */;
			projectDirPath = "";
			projectRoot = "";
			targets = (
				93262F582974272500C0347C /* ViFi */,
			);
		};
/* End PBXProject section */

/* Begin PBXResourcesBuildPhase section */
		93262F572974272500C0347C /* Resources */ = {
			isa = PBXResourcesBuildPhase;
			buildActionMask = 2147483647;
			files = (
				93262F692974272600C0347C /* LaunchScreen.storyboard in Resources */,
				93262F9F29742DE400C0347C /* GoogleService-Info.plist in Resources */,
				93262F662974272600C0347C /* Assets.xcassets in Resources */,
				93262F642974272500C0347C /* Main.storyboard in Resources */,
			);
			runOnlyForDeploymentPostprocessing = 0;
		};
/* End PBXResourcesBuildPhase section */

/* Begin PBXShellScriptBuildPhase section */
		60B19BD5F43537CE9C300990 /* [CP] Embed Pods Frameworks */ = {
			isa = PBXShellScriptBuildPhase;
			buildActionMask = 2147483647;
			files = (
			);
			inputFileListPaths = (
				"${PODS_ROOT}/Target Support Files/Pods-ViFi/Pods-ViFi-frameworks-${CONFIGURATION}-input-files.xcfilelist",
			);
			name = "[CP] Embed Pods Frameworks";
			outputFileListPaths = (
				"${PODS_ROOT}/Target Support Files/Pods-ViFi/Pods-ViFi-frameworks-${CONFIGURATION}-output-files.xcfilelist",
			);
			runOnlyForDeploymentPostprocessing = 0;
			shellPath = /bin/sh;
			shellScript = "\"${PODS_ROOT}/Target Support Files/Pods-ViFi/Pods-ViFi-frameworks.sh\"\n";
			showEnvVarsInLog = 0;
		};
		772A7F8508ED4126A3EE498C /* [CP] Check Pods Manifest.lock */ = {
			isa = PBXShellScriptBuildPhase;
			buildActionMask = 2147483647;
			files = (
			);
			inputFileListPaths = (
			);
			inputPaths = (
				"${PODS_PODFILE_DIR_PATH}/Podfile.lock",
				"${PODS_ROOT}/Manifest.lock",
			);
			name = "[CP] Check Pods Manifest.lock";
			outputFileListPaths = (
			);
			outputPaths = (
				"$(DERIVED_FILE_DIR)/Pods-ViFi-checkManifestLockResult.txt",
			);
			runOnlyForDeploymentPostprocessing = 0;
			shellPath = /bin/sh;
			shellScript = "diff \"${PODS_PODFILE_DIR_PATH}/Podfile.lock\" \"${PODS_ROOT}/Manifest.lock\" > /dev/null\nif [ $? != 0 ] ; then\n    # print error to STDERR\n    echo \"error: The sandbox is not in sync with the Podfile.lock. Run 'pod install' or update your CocoaPods installation.\" >&2\n    exit 1\nfi\n# This output is used by Xcode 'outputs' to avoid re-running this script phase.\necho \"SUCCESS\" > \"${SCRIPT_OUTPUT_FILE_0}\"\n";
			showEnvVarsInLog = 0;
		};
/* End PBXShellScriptBuildPhase section */

/* Begin PBXSourcesBuildPhase section */
		93262F552974272500C0347C /* Sources */ = {
			isa = PBXSourcesBuildPhase;
			buildActionMask = 2147483647;
			files = (
				93262F9129742D1700C0347C /* PDFViewController.swift in Sources */,
				93262F9729742D5800C0347C /* BaseTabbarVC.swift in Sources */,
				93262F8929742CC800C0347C /* LessonViewController.swift in Sources */,
				93262F9529742D3C00C0347C /* JPGZoomViewController.swift in Sources */,
				93262F9929742D6E00C0347C /* EFImageViewZoom.swift in Sources */,
				93262F9329742D2A00C0347C /* JPGViewController.swift in Sources */,
				93262F8729742CB500C0347C /* DepartmentViewController.swift in Sources */,
				93262F8B29742CDF00C0347C /* ExamViewController.swift in Sources */,
				93262F5D2974272500C0347C /* AppDelegate.swift in Sources */,
				93262F7A29742BF300C0347C /* FacultyTableViewCell.swift in Sources */,
				93262F7E29742C2600C0347C /* LessonTableViewCell.swift in Sources */,
				93262F7429742B7F00C0347C /* UniversityViewController.swift in Sources */,
				93262F5F2974272500C0347C /* SceneDelegate.swift in Sources */,
				93262F8029742C4200C0347C /* ExamTableViewCell.swift in Sources */,
				93262F8529742C8000C0347C /* FacultyViewController.swift in Sources */,
				93262F7C29742C0D00C0347C /* DepartmentTableViewCell.swift in Sources */,
				93262F7729742BA800C0347C /* UniversityTableViewCell.swift in Sources */,
				93262F8229742C5B00C0347C /* JPGTableViewCell.swift in Sources */,
			);
			runOnlyForDeploymentPostprocessing = 0;
		};
/* End PBXSourcesBuildPhase section */

/* Begin PBXVariantGroup section */
		93262F622974272500C0347C /* Main.storyboard */ = {
			isa = PBXVariantGroup;
			children = (
				93262F632974272500C0347C /* Base */,
			);
			name = Main.storyboard;
			sourceTree = "<group>";
		};
		93262F672974272600C0347C /* LaunchScreen.storyboard */ = {
			isa = PBXVariantGroup;
			children = (
				93262F682974272600C0347C /* Base */,
			);
			name = LaunchScreen.storyboard;
			sourceTree = "<group>";
		};
/* End PBXVariantGroup section */

/* Begin XCBuildConfiguration section */
		93262F6B2974272600C0347C /* Debug */ = {
			isa = XCBuildConfiguration;
			buildSettings = {
				ALWAYS_SEARCH_USER_PATHS = NO;
				CLANG_ANALYZER_NONNULL = YES;
				CLANG_ANALYZER_NUMBER_OBJECT_CONVERSION = YES_AGGRESSIVE;
				CLANG_CXX_LANGUAGE_STANDARD = "gnu++20";
				CLANG_ENABLE_MODULES = YES;
				CLANG_ENABLE_OBJC_ARC = YES;
				CLANG_ENABLE_OBJC_WEAK = YES;
				CLANG_WARN_BLOCK_CAPTURE_AUTORELEASING = YES;
				CLANG_WARN_BOOL_CONVERSION = YES;
				CLANG_WARN_COMMA = YES;
				CLANG_WARN_CONSTANT_CONVERSION = YES;
				CLANG_WARN_DEPRECATED_OBJC_IMPLEMENTATIONS = YES;
				CLANG_WARN_DIRECT_OBJC_ISA_USAGE = YES_ERROR;
				CLANG_WARN_DOCUMENTATION_COMMENTS = YES;
				CLANG_WARN_EMPTY_BODY = YES;
				CLANG_WARN_ENUM_CONVERSION = YES;
				CLANG_WARN_INFINITE_RECURSION = YES;
				CLANG_WARN_INT_CONVERSION = YES;
				CLANG_WARN_NON_LITERAL_NULL_CONVERSION = YES;
				CLANG_WARN_OBJC_IMPLICIT_RETAIN_SELF = YES;
				CLANG_WARN_OBJC_LITERAL_CONVERSION = YES;
				CLANG_WARN_OBJC_ROOT_CLASS = YES_ERROR;
				CLANG_WARN_QUOTED_INCLUDE_IN_FRAMEWORK_HEADER = YES;
				CLANG_WARN_RANGE_LOOP_ANALYSIS = YES;
				CLANG_WARN_STRICT_PROTOTYPES = YES;
				CLANG_WARN_SUSPICIOUS_MOVE = YES;
				CLANG_WARN_UNGUARDED_AVAILABILITY = YES_AGGRESSIVE;
				CLANG_WARN_UNREACHABLE_CODE = YES;
				CLANG_WARN__DUPLICATE_METHOD_MATCH = YES;
				COPY_PHASE_STRIP = NO;
				DEBUG_INFORMATION_FORMAT = dwarf;
				ENABLE_STRICT_OBJC_MSGSEND = YES;
				ENABLE_TESTABILITY = YES;
				GCC_C_LANGUAGE_STANDARD = gnu11;
				GCC_DYNAMIC_NO_PIC = NO;
				GCC_NO_COMMON_BLOCKS = YES;
				GCC_OPTIMIZATION_LEVEL = 0;
				GCC_PREPROCESSOR_DEFINITIONS = (
					"DEBUG=1",
					"$(inherited)",
				);
				GCC_WARN_64_TO_32_BIT_CONVERSION = YES;
				GCC_WARN_ABOUT_RETURN_TYPE = YES_ERROR;
				GCC_WARN_UNDECLARED_SELECTOR = YES;
				GCC_WARN_UNINITIALIZED_AUTOS = YES_AGGRESSIVE;
				GCC_WARN_UNUSED_FUNCTION = YES;
				GCC_WARN_UNUSED_VARIABLE = YES;
				IPHONEOS_DEPLOYMENT_TARGET = 14.0;
				MTL_ENABLE_DEBUG_INFO = INCLUDE_SOURCE;
				MTL_FAST_MATH = YES;
				ONLY_ACTIVE_ARCH = YES;
				SDKROOT = iphoneos;
				SWIFT_ACTIVE_COMPILATION_CONDITIONS = DEBUG;
				SWIFT_OPTIMIZATION_LEVEL = "-Onone";
			};
			name = Debug;
		};
		93262F6C2974272600C0347C /* Release */ = {
			isa = XCBuildConfiguration;
			buildSettings = {
				ALWAYS_SEARCH_USER_PATHS = NO;
				CLANG_ANALYZER_NONNULL = YES;
				CLANG_ANALYZER_NUMBER_OBJECT_CONVERSION = YES_AGGRESSIVE;
				CLANG_CXX_LANGUAGE_STANDARD = "gnu++20";
				CLANG_ENABLE_MODULES = YES;
				CLANG_ENABLE_OBJC_ARC = YES;
				CLANG_ENABLE_OBJC_WEAK = YES;
				CLANG_WARN_BLOCK_CAPTURE_AUTORELEASING = YES;
				CLANG_WARN_BOOL_CONVERSION = YES;
				CLANG_WARN_COMMA = YES;
				CLANG_WARN_CONSTANT_CONVERSION = YES;
				CLANG_WARN_DEPRECATED_OBJC_IMPLEMENTATIONS = YES;
				CLANG_WARN_DIRECT_OBJC_ISA_USAGE = YES_ERROR;
				CLANG_WARN_DOCUMENTATION_COMMENTS = YES;
				CLANG_WARN_EMPTY_BODY = YES;
				CLANG_WARN_ENUM_CONVERSION = YES;
				CLANG_WARN_INFINITE_RECURSION = YES;
				CLANG_WARN_INT_CONVERSION = YES;
				CLANG_WARN_NON_LITERAL_NULL_CONVERSION = YES;
				CLANG_WARN_OBJC_IMPLICIT_RETAIN_SELF = YES;
				CLANG_WARN_OBJC_LITERAL_CONVERSION = YES;
				CLANG_WARN_OBJC_ROOT_CLASS = YES_ERROR;
				CLANG_WARN_QUOTED_INCLUDE_IN_FRAMEWORK_HEADER = YES;
				CLANG_WARN_RANGE_LOOP_ANALYSIS = YES;
				CLANG_WARN_STRICT_PROTOTYPES = YES;
				CLANG_WARN_SUSPICIOUS_MOVE = YES;
				CLANG_WARN_UNGUARDED_AVAILABILITY = YES_AGGRESSIVE;
				CLANG_WARN_UNREACHABLE_CODE = YES;
				CLANG_WARN__DUPLICATE_METHOD_MATCH = YES;
				COPY_PHASE_STRIP = NO;
				DEBUG_INFORMATION_FORMAT = "dwarf-with-dsym";
				ENABLE_NS_ASSERTIONS = NO;
				ENABLE_STRICT_OBJC_MSGSEND = YES;
				GCC_C_LANGUAGE_STANDARD = gnu11;
				GCC_NO_COMMON_BLOCKS = YES;
				GCC_WARN_64_TO_32_BIT_CONVERSION = YES;
				GCC_WARN_ABOUT_RETURN_TYPE = YES_ERROR;
				GCC_WARN_UNDECLARED_SELECTOR = YES;
				GCC_WARN_UNINITIALIZED_AUTOS = YES_AGGRESSIVE;
				GCC_WARN_UNUSED_FUNCTION = YES;
				GCC_WARN_UNUSED_VARIABLE = YES;
				IPHONEOS_DEPLOYMENT_TARGET = 14.0;
				MTL_ENABLE_DEBUG_INFO = NO;
				MTL_FAST_MATH = YES;
				SDKROOT = iphoneos;
				SWIFT_COMPILATION_MODE = wholemodule;
				SWIFT_OPTIMIZATION_LEVEL = "-O";
				VALIDATE_PRODUCT = YES;
			};
			name = Release;
		};
		93262F6E2974272600C0347C /* Debug */ = {
			isa = XCBuildConfiguration;
			baseConfigurationReference = 95B4C669120264AB067D023B /* Pods-ViFi.debug.xcconfig */;
			buildSettings = {
				ASSETCATALOG_COMPILER_APPICON_NAME = AppIcon;
				ASSETCATALOG_COMPILER_GLOBAL_ACCENT_COLOR_NAME = AccentColor;
				"CODE_SIGN_IDENTITY[sdk=iphoneos*]" = "iPhone Developer";
				CODE_SIGN_STYLE = Manual;
				CURRENT_PROJECT_VERSION = 3;
				DEVELOPMENT_TEAM = "";
				"DEVELOPMENT_TEAM[sdk=iphoneos*]" = A9ZTFRX9B5;
				GENERATE_INFOPLIST_FILE = YES;
				INFOPLIST_FILE = ViFi/Info.plist;
				INFOPLIST_KEY_UIApplicationSupportsIndirectInputEvents = YES;
				INFOPLIST_KEY_UILaunchStoryboardName = LaunchScreen;
				INFOPLIST_KEY_UIMainStoryboardFile = Main;
				INFOPLIST_KEY_UISupportedInterfaceOrientations_iPad = "UIInterfaceOrientationPortrait UIInterfaceOrientationPortraitUpsideDown UIInterfaceOrientationLandscapeLeft UIInterfaceOrientationLandscapeRight";
				INFOPLIST_KEY_UISupportedInterfaceOrientations_iPhone = "UIInterfaceOrientationPortrait UIInterfaceOrientationLandscapeLeft UIInterfaceOrientationLandscapeRight";
				IPHONEOS_DEPLOYMENT_TARGET = 14.0;
				LD_RUNPATH_SEARCH_PATHS = (
					"$(inherited)",
					"@executable_path/Frameworks",
				);
				MARKETING_VERSION = 1.6;
				PRODUCT_BUNDLE_IDENTIFIER = com.BuyukerYazilim.ViFi2;
				PRODUCT_NAME = "$(TARGET_NAME)";
				PROVISIONING_PROFILE_SPECIFIER = "";
				"PROVISIONING_PROFILE_SPECIFIER[sdk=iphoneos*]" = "ViFi Development";
				SWIFT_EMIT_LOC_STRINGS = YES;
				SWIFT_VERSION = 5.0;
				TARGETED_DEVICE_FAMILY = "1,2";
			};
			name = Debug;
		};
		93262F6F2974272600C0347C /* Release */ = {
			isa = XCBuildConfiguration;
			baseConfigurationReference = E22A313FDBD7985987F162D6 /* Pods-ViFi.release.xcconfig */;
			buildSettings = {
				ASSETCATALOG_COMPILER_APPICON_NAME = AppIcon;
				ASSETCATALOG_COMPILER_GLOBAL_ACCENT_COLOR_NAME = AccentColor;
				"CODE_SIGN_IDENTITY[sdk=iphoneos*]" = "iPhone Developer";
				CODE_SIGN_STYLE = Manual;
				CURRENT_PROJECT_VERSION = 3;
				DEVELOPMENT_TEAM = "";
				"DEVELOPMENT_TEAM[sdk=iphoneos*]" = A9ZTFRX9B5;
				GENERATE_INFOPLIST_FILE = YES;
				INFOPLIST_FILE = ViFi/Info.plist;
				INFOPLIST_KEY_UIApplicationSupportsIndirectInputEvents = YES;
				INFOPLIST_KEY_UILaunchStoryboardName = LaunchScreen;
				INFOPLIST_KEY_UIMainStoryboardFile = Main;
				INFOPLIST_KEY_UISupportedInterfaceOrientations_iPad = "UIInterfaceOrientationPortrait UIInterfaceOrientationPortraitUpsideDown UIInterfaceOrientationLandscapeLeft UIInterfaceOrientationLandscapeRight";
				INFOPLIST_KEY_UISupportedInterfaceOrientations_iPhone = "UIInterfaceOrientationPortrait UIInterfaceOrientationLandscapeLeft UIInterfaceOrientationLandscapeRight";
				IPHONEOS_DEPLOYMENT_TARGET = 14.0;
				LD_RUNPATH_SEARCH_PATHS = (
					"$(inherited)",
					"@executable_path/Frameworks",
				);
				MARKETING_VERSION = 1.6;
				PRODUCT_BUNDLE_IDENTIFIER = com.BuyukerYazilim.ViFi2;
				PRODUCT_NAME = "$(TARGET_NAME)";
				PROVISIONING_PROFILE_SPECIFIER = "";
				"PROVISIONING_PROFILE_SPECIFIER[sdk=iphoneos*]" = "ViFi Development";
				SWIFT_EMIT_LOC_STRINGS = YES;
				SWIFT_VERSION = 5.0;
				TARGETED_DEVICE_FAMILY = "1,2";
			};
			name = Release;
		};
/* End XCBuildConfiguration section */

/* Begin XCConfigurationList section */
		93262F542974272500C0347C /* Build configuration list for PBXProject "ViFi" */ = {
			isa = XCConfigurationList;
			buildConfigurations = (
				93262F6B2974272600C0347C /* Debug */,
				93262F6C2974272600C0347C /* Release */,
			);
			defaultConfigurationIsVisible = 0;
			defaultConfigurationName = Release;
		};
		93262F6D2974272600C0347C /* Build configuration list for PBXNativeTarget "ViFi" */ = {
			isa = XCConfigurationList;
			buildConfigurations = (
				93262F6E2974272600C0347C /* Debug */,
				93262F6F2974272600C0347C /* Release */,
			);
			defaultConfigurationIsVisible = 0;
			defaultConfigurationName = Release;
		};
/* End XCConfigurationList section */
	};
	rootObject = 93262F512974272500C0347C /* Project object */;
}
